
Microsoft Visual Studio Solution File, Format Version 12.00
# Visual Studio Version 17
VisualStudioVersion = 17.6.33717.318
MinimumVisualStudioVersion = 10.0.40219.1
Project("{9A19103F-16F7-4668-BE54-9A1E7A4F7556}") = "Company.API", "Company.API\Company.API.csproj", "{58C24899-30DA-466D-836D-BE049F5055E2}"
EndProject
Project("{9A19103F-16F7-4668-BE54-9A1E7A4F7556}") = "Company.Data", "Company.Data\Company.Data.csproj", "{4CA39DD2-BCCA-4C4B-8B5E-044BD9691351}"
EndProject
Project("{9A19103F-16F7-4668-BE54-9A1E7A4F7556}") = "Company.Common", "Company.Common\Company.Common.csproj", "{F5FC8A91-9F7F-456D-8C83-D22F6C703218}"
EndProject
Global
	GlobalSection(SolutionConfigurationPlatforms) = preSolution
		Debug|Any CPU = Debug|Any CPU
		Release|Any CPU = Release|Any CPU
	EndGlobalSection
	GlobalSection(ProjectConfigurationPlatforms) = postSolution
		{58C24899-30DA-466D-836D-BE049F5055E2}.Debug|Any CPU.ActiveCfg = Debug|Any CPU
		{58C24899-30DA-466D-836D-BE049F5055E2}.Debug|Any CPU.Build.0 = Debug|Any CPU
		{58C24899-30DA-466D-836D-BE049F5055E2}.Release|Any CPU.ActiveCfg = Release|Any CPU
		{58C24899-30DA-466D-836D-BE049F5055E2}.Release|Any CPU.Build.0 = Release|Any CPU
		{4CA39DD2-BCCA-4C4B-8B5E-044BD9691351}.Debug|Any CPU.ActiveCfg = Debug|Any CPU
		{4CA39DD2-BCCA-4C4B-8B5E-044BD9691351}.Debug|Any CPU.Build.0 = Debug|Any CPU
		{4CA39DD2-BCCA-4C4B-8B5E-044BD9691351}.Release|Any CPU.ActiveCfg = Release|Any CPU
		{4CA39DD2-BCCA-4C4B-8B5E-044BD9691351}.Release|Any CPU.Build.0 = Release|Any CPU
		{F5FC8A91-9F7F-456D-8C83-D22F6C703218}.Debug|Any CPU.ActiveCfg = Debug|Any CPU
		{F5FC8A91-9F7F-456D-8C83-D22F6C703218}.Debug|Any CPU.Build.0 = Debug|Any CPU
		{F5FC8A91-9F7F-456D-8C83-D22F6C703218}.Release|Any CPU.ActiveCfg = Release|Any CPU
		{F5FC8A91-9F7F-456D-8C83-D22F6C703218}.Release|Any CPU.Build.0 = Release|Any CPU
	EndGlobalSection
	GlobalSection(SolutionProperties) = preSolution
		HideSolutionNode = FALSE
	EndGlobalSection
	GlobalSection(ExtensibilityGlobals) = postSolution
		SolutionGuid = {4327F56D-8D47-42B5-A699-B7E6CEB4943B}
	EndGlobalSection
EndGlobal
